PODS:
  - Expecta (0.2.0)
  - Inline (0.1.0)
  - Specify (0.0.2):
    - Inline (~> 0.1.0)

DEPENDENCIES:
  - Expecta
  - Specify

SPEC REPOS:
  trunk:
    - Expecta
    - Inline
    - Specify

SPEC CHECKSUMS:
  Expecta: ceaaf0e6d992f9b213e3ec16041f4567a6ab198e
  Inline: 958bbcb3f5053e05918fc2b882de8007ce24e40e
  Specify: f07fa285d211363f4c6f5c92035da546592f8e21

PODFILE CHECKSUM: 00e8e61ca6ea0853bf718e981e90d8b9a7c2857f

COCOAPODS: 1.9.1
